
Microsoft Visual Studio Solution File, Format Version 12.00
# Visual Studio Version 17
VisualStudioVersion = 17.5.33424.131
MinimumVisualStudioVersion = 10.0.40219.1
Project("{9A19103F-16F7-4668-BE54-9A1E7A4F7556}") = "MoviesAPI", "MoviesAPI\MoviesAPI.csproj", "{93336424-1A3D-49E4-AC0A-71F21ADB7ED3}"
EndProject
Project("{9A19103F-16F7-4668-BE54-9A1E7A4F7556}") = "MoviesAPI.Core", "MoviesAPI.Core\MoviesAPI.Core.csproj", "{7E7C6E00-4F9F-4FBC-A4EA-4AC40757AFED}"
EndProject
Project("{9A19103F-16F7-4668-BE54-9A1E7A4F7556}") = "MoviesAPI.DAL", "MoviesAPI.DAL\MoviesAPI.DAL.csproj", "{B6175886-BB9E-464A-9B74-A02AA331D553}"
EndProject
Project("{FAE04EC0-301F-11D3-BF4B-00C04F79EFBC}") = "MoviesAPI.Application", "MoviesAPI.Application\MoviesAPI.Application.csproj", "{D235A0D9-DDC8-4724-AFE9-01E014BE3263}"
EndProject
Global
	GlobalSection(SolutionConfigurationPlatforms) = preSolution
		Debug|Any CPU = Debug|Any CPU
		Release|Any CPU = Release|Any CPU
	EndGlobalSection
	GlobalSection(ProjectConfigurationPlatforms) = postSolution
		{93336424-1A3D-49E4-AC0A-71F21ADB7ED3}.Debug|Any CPU.ActiveCfg = Debug|Any CPU
		{93336424-1A3D-49E4-AC0A-71F21ADB7ED3}.Debug|Any CPU.Build.0 = Debug|Any CPU
		{93336424-1A3D-49E4-AC0A-71F21ADB7ED3}.Release|Any CPU.ActiveCfg = Release|Any CPU
		{93336424-1A3D-49E4-AC0A-71F21ADB7ED3}.Release|Any CPU.Build.0 = Release|Any CPU
		{7E7C6E00-4F9F-4FBC-A4EA-4AC40757AFED}.Debug|Any CPU.ActiveCfg = Debug|Any CPU
		{7E7C6E00-4F9F-4FBC-A4EA-4AC40757AFED}.Debug|Any CPU.Build.0 = Debug|Any CPU
		{7E7C6E00-4F9F-4FBC-A4EA-4AC40757AFED}.Release|Any CPU.ActiveCfg = Release|Any CPU
		{7E7C6E00-4F9F-4FBC-A4EA-4AC40757AFED}.Release|Any CPU.Build.0 = Release|Any CPU
		{B6175886-BB9E-464A-9B74-A02AA331D553}.Debug|Any CPU.ActiveCfg = Debug|Any CPU
		{B6175886-BB9E-464A-9B74-A02AA331D553}.Debug|Any CPU.Build.0 = Debug|Any CPU
		{B6175886-BB9E-464A-9B74-A02AA331D553}.Release|Any CPU.ActiveCfg = Release|Any CPU
		{B6175886-BB9E-464A-9B74-A02AA331D553}.Release|Any CPU.Build.0 = Release|Any CPU
		{D235A0D9-DDC8-4724-AFE9-01E014BE3263}.Debug|Any CPU.ActiveCfg = Debug|Any CPU
		{D235A0D9-DDC8-4724-AFE9-01E014BE3263}.Debug|Any CPU.Build.0 = Debug|Any CPU
		{D235A0D9-DDC8-4724-AFE9-01E014BE3263}.Release|Any CPU.ActiveCfg = Release|Any CPU
		{D235A0D9-DDC8-4724-AFE9-01E014BE3263}.Release|Any CPU.Build.0 = Release|Any CPU
	EndGlobalSection
	GlobalSection(SolutionProperties) = preSolution
		HideSolutionNode = FALSE
	EndGlobalSection
	GlobalSection(ExtensibilityGlobals) = postSolution
		SolutionGuid = {305386CD-21DD-4080-8EE0-5C591E0430D6}
	EndGlobalSection
EndGlobal
